Microsoft Visual Studio Solution File, Format Version 12.00
# Visual Studio Version 17
VisualStudioVersion = 17.5.2.0
MinimumVisualStudioVersion = 10.0.40219.1
Project("{2150E333-8FDC-42A3-9474-1A3956D46DE8}") = "services", "services", "{5854FF58-B8C5-05C6-5BF2-ACE42193F22B}"
EndProject
Project("{2150E333-8FDC-42A3-9474-1A3956D46DE8}") = "StockService", "StockService", "{C810D506-6950-668A-2BAD-B92FA0014E07}"
EndProject
Project("{FAE04EC0-301F-11D3-BF4B-00C04F79EFBC}") = "StockService", "services\StockService\StockService\StockService.csproj", "{05DE118F-589A-2348-DFAD-4DB59B5D4FA6}"
EndProject
Global
	GlobalSection(SolutionConfigurationPlatforms) = preSolution
		Debug|Any CPU = Debug|Any CPU
		Release|Any CPU = Release|Any CPU
	EndGlobalSection
	GlobalSection(ProjectConfigurationPlatforms) = postSolution
		{05DE118F-589A-2348-DFAD-4DB59B5D4FA6}.Debug|Any CPU.ActiveCfg = Debug|Any CPU
		{05DE118F-589A-2348-DFAD-4DB59B5D4FA6}.Debug|Any CPU.Build.0 = Debug|Any CPU
		{05DE118F-589A-2348-DFAD-4DB59B5D4FA6}.Release|Any CPU.ActiveCfg = Release|Any CPU
		{05DE118F-589A-2348-DFAD-4DB59B5D4FA6}.Release|Any CPU.Build.0 = Release|Any CPU
	EndGlobalSection
	GlobalSection(SolutionProperties) = preSolution
		HideSolutionNode = FALSE
	EndGlobalSection
	GlobalSection(NestedProjects) = preSolution
		{C810D506-6950-668A-2BAD-B92FA0014E07} = {5854FF58-B8C5-05C6-5BF2-ACE42193F22B}
		{05DE118F-589A-2348-DFAD-4DB59B5D4FA6} = {C810D506-6950-668A-2BAD-B92FA0014E07}
	EndGlobalSection
	GlobalSection(ExtensibilityGlobals) = postSolution
		SolutionGuid = {C759D93C-9F68-4F35-BA0F-AF2D228879B2}
	EndGlobalSection
EndGlobal
